dependencies:
- name: common-chart
  repository: oci://ghcr.io/vladyslav-yarko/bloom-art
  version: 1.0.0
- name: postgresql-chart
  repository: oci://ghcr.io/vladyslav-yarko/bloom-art
  version: 1.0.0
- name: redis-chart
  repository: oci://ghcr.io/vladyslav-yarko/bloom-art
  version: 1.0.0
- name: backend-chart
  repository: oci://ghcr.io/vladyslav-yarko/bloom-art
  version: 1.0.0
- name: frontend-chart
  repository: oci://ghcr.io/vladyslav-yarko/bloom-art
  version: 1.0.0
digest: sha256:f73c22935694ef74471d3cf2ad7c645684a3072b0cd8745666c8eff4d3048e49
generated: "2025-11-26T00:11:03.338240529+02:00"
